github.com/fasterness/cors v0.0.0-20141103140412-98d9de60582a h1:Lk7Hjp1uCdI4oYI5OU393Ll+vbPQO6BcLpppzo8Vnq4=
github.com/fasterness/cors v0.0.0-20141103140412-98d9de60582a/go.mod h1:GWYLNxoZGH/Vy7w3U58jAfkvFhBnAyjLImDawIvLye4=
github.com/gorilla/mux v1.7.3 h1:gnP5JzjVOuiZD07fKKToCAOjS0yOpj/qPETTXCCS6hw=
github.com/gorilla/mux v1.7.3/go.mod h1:1lud6UwP+6orDFRuTfBEV8e9/aOM/c4fVVCaMa2zaAs=
github.com/matryer/is v1.2.0 h1:92UTHpy8CDwaJ08GqLDzhhuixiBUUD1p3AU6PHddz4A=
github.com/matryer/is v1.2.0/go.mod h1:2fLPjFQM9rhQ15aVEtbuwhJinnOqrmgXPNdZsdwlWXA=
